
Microsoft Visual Studio Solution File, Format Version 12.00
# Visual Studio Version 17
VisualStudioVersion = 17.8.34322.80
MinimumVisualStudioVersion = 10.0.40219.1
Project("{888888A0-9F3D-457C-B088-3A5042F75D52}") = "deneme vol2", "deneme vol2\deneme vol2.pyproj", "{CF68373E-1A6E-4205-8474-49F74421444D}"
EndProject
Global
	GlobalSection(SolutionConfigurationPlatforms) = preSolution
		Debug|Any CPU = Debug|Any CPU
		Release|Any CPU = Release|Any CPU
	EndGlobalSection
	GlobalSection(ProjectConfigurationPlatforms) = postSolution
		{CF68373E-1A6E-4205-8474-49F74421444D}.Debug|Any CPU.ActiveCfg = Debug|Any CPU
		{CF68373E-1A6E-4205-8474-49F74421444D}.Release|Any CPU.ActiveCfg = Release|Any CPU
	EndGlobalSection
	GlobalSection(SolutionProperties) = preSolution
		HideSolutionNode = FALSE
	EndGlobalSection
	GlobalSection(ExtensibilityGlobals) = postSolution
		SolutionGuid = {61D1D4E4-EB5C-4109-BEEB-BDF3222E7ED4}
	EndGlobalSection
EndGlobal
